Microsoft Visual Studio Solution File, Format Version 12.00
# Visual Studio Version 17
VisualStudioVersion = 17.5.2.0
MinimumVisualStudioVersion = 10.0.40219.1
Project("{FAE04EC0-301F-11D3-BF4B-00C04F79EFBC}") = "Municipei", "Municipei.csproj", "{B245DA3F-CBFD-DBE6-D170-A1DAF58BFEEE}"
EndProject
Global
	GlobalSection(SolutionConfigurationPlatforms) = preSolution
		Debug|Any CPU = Debug|Any CPU
		Release|Any CPU = Release|Any CPU
	EndGlobalSection
	GlobalSection(ProjectConfigurationPlatforms) = postSolution
		{B245DA3F-CBFD-DBE6-D170-A1DAF58BFEEE}.Debug|Any CPU.ActiveCfg = Debug|Any CPU
		{B245DA3F-CBFD-DBE6-D170-A1DAF58BFEEE}.Debug|Any CPU.Build.0 = Debug|Any CPU
		{B245DA3F-CBFD-DBE6-D170-A1DAF58BFEEE}.Release|Any CPU.ActiveCfg = Release|Any CPU
		{B245DA3F-CBFD-DBE6-D170-A1DAF58BFEEE}.Release|Any CPU.Build.0 = Release|Any CPU
	EndGlobalSection
	GlobalSection(SolutionProperties) = preSolution
		HideSolutionNode = FALSE
	EndGlobalSection
	GlobalSection(ExtensibilityGlobals) = postSolution
		SolutionGuid = {0FE496E2-7AC4-4558-88D7-4F8AB34BF8AE}
	EndGlobalSection
EndGlobal
